
Microsoft Visual Studio Solution File, Format Version 12.00
# Visual Studio Version 16
VisualStudioVersion = 16.0.29613.14
MinimumVisualStudioVersion = 10.0.40219.1
Project("{FAE04EC0-301F-11D3-BF4B-00C04F79EFBC}") = "BrilliantApplication", "BrilliantApplication\BrilliantApplication.csproj", "{9A316F43-94FB-41D3-B857-D2BEE2F40B82}"
EndProject
Project("{FAE04EC0-301F-11D3-BF4B-00C04F79EFBC}") = "BlocksLibrary", "BlocksLibrary\BlocksLibrary.csproj", "{81916F96-3057-44E9-800F-BBA841456FC3}"
EndProject
Global
	GlobalSection(SolutionConfigurationPlatforms) = preSolution
		Debug|Any CPU = Debug|Any CPU
		Release|Any CPU = Release|Any CPU
	EndGlobalSection
	GlobalSection(ProjectConfigurationPlatforms) = postSolution
		{9A316F43-94FB-41D3-B857-D2BEE2F40B82}.Debug|Any CPU.ActiveCfg = Debug|Any CPU
		{9A316F43-94FB-41D3-B857-D2BEE2F40B82}.Debug|Any CPU.Build.0 = Debug|Any CPU
		{9A316F43-94FB-41D3-B857-D2BEE2F40B82}.Release|Any CPU.ActiveCfg = Release|Any CPU
		{9A316F43-94FB-41D3-B857-D2BEE2F40B82}.Release|Any CPU.Build.0 = Release|Any CPU
		{81916F96-3057-44E9-800F-BBA841456FC3}.Debug|Any CPU.ActiveCfg = Debug|Any CPU
		{81916F96-3057-44E9-800F-BBA841456FC3}.Debug|Any CPU.Build.0 = Debug|Any CPU
		{81916F96-3057-44E9-800F-BBA841456FC3}.Release|Any CPU.ActiveCfg = Release|Any CPU
		{81916F96-3057-44E9-800F-BBA841456FC3}.Release|Any CPU.Build.0 = Release|Any CPU
	EndGlobalSection
	GlobalSection(SolutionProperties) = preSolution
		HideSolutionNode = FALSE
	EndGlobalSection
	GlobalSection(ExtensibilityGlobals) = postSolution
		SolutionGuid = {84B55AA5-F570-4C28-A10A-19DB368B44BE}
	EndGlobalSection
EndGlobal
